
Microsoft Visual Studio Solution File, Format Version 12.00
# Visual Studio Version 16
VisualStudioVersion = 16.0.30011.22
MinimumVisualStudioVersion = 10.0.40219.1
Project("{FAE04EC0-301F-11D3-BF4B-00C04F79EFBC}") = "OhdDoorFinal", "OhdDoorFinal\OhdDoorFinal.csproj", "{467F12F8-049F-4825-B11E-A2C595B18429}"
EndProject
Global
	GlobalSection(SolutionConfigurationPlatforms) = preSolution
		Debug|Any CPU = Debug|Any CPU
		Release|Any CPU = Release|Any CPU
	EndGlobalSection
	GlobalSection(ProjectConfigurationPlatforms) = postSolution
		{467F12F8-049F-4825-B11E-A2C595B18429}.Debug|Any CPU.ActiveCfg = Debug|Any CPU
		{467F12F8-049F-4825-B11E-A2C595B18429}.Debug|Any CPU.Build.0 = Debug|Any CPU
		{467F12F8-049F-4825-B11E-A2C595B18429}.Release|Any CPU.ActiveCfg = Release|Any CPU
		{467F12F8-049F-4825-B11E-A2C595B18429}.Release|Any CPU.Build.0 = Release|Any CPU
	EndGlobalSection
	GlobalSection(SolutionProperties) = preSolution
		HideSolutionNode = FALSE
	EndGlobalSection
	GlobalSection(ExtensibilityGlobals) = postSolution
		SolutionGuid = {B66E997C-9FD0-4843-A306-5683B71131E5}
	EndGlobalSection
EndGlobal
